
Microsoft Visual Studio Solution File, Format Version 12.00
# Visual Studio Version 17
VisualStudioVersion = 17.1.32328.378
MinimumVisualStudioVersion = 10.0.40219.1
Project("{9A19103F-16F7-4668-BE54-9A1E7A4F7556}") = "SChallenge", "SChallenge.csproj", "{3CD13DDC-BA12-48C0-85BA-1DBD719CC5EF}"
EndProject
Global
	GlobalSection(SolutionConfigurationPlatforms) = preSolution
		Debug|Any CPU = Debug|Any CPU
		Release|Any CPU = Release|Any CPU
	EndGlobalSection
	GlobalSection(ProjectConfigurationPlatforms) = postSolution
		{3CD13DDC-BA12-48C0-85BA-1DBD719CC5EF}.Debug|Any CPU.ActiveCfg = Debug|Any CPU
		{3CD13DDC-BA12-48C0-85BA-1DBD719CC5EF}.Debug|Any CPU.Build.0 = Debug|Any CPU
		{3CD13DDC-BA12-48C0-85BA-1DBD719CC5EF}.Release|Any CPU.ActiveCfg = Release|Any CPU
		{3CD13DDC-BA12-48C0-85BA-1DBD719CC5EF}.Release|Any CPU.Build.0 = Release|Any CPU
	EndGlobalSection
	GlobalSection(SolutionProperties) = preSolution
		HideSolutionNode = FALSE
	EndGlobalSection
	GlobalSection(ExtensibilityGlobals) = postSolution
		SolutionGuid = {D9CCDBC9-7D5E-49E4-AA41-0FC58D5D2706}
	EndGlobalSection
EndGlobal
